
Microsoft Visual Studio Solution File, Format Version 12.00
# Visual Studio 14
VisualStudioVersion = 14.0.24720.0
MinimumVisualStudioVersion = 10.0.40219.1
Project("{FAE04EC0-301F-11D3-BF4B-00C04F79EFBC}") = "ttab", "ttab\ttab.csproj", "{B1021896-02AD-4539-96AE-8CC43BD2599C}"
EndProject
Project("{FAE04EC0-301F-11D3-BF4B-00C04F79EFBC}") = "ttabTests", "ttabTests\ttabTests.csproj", "{096E46F8-4490-4B52-80EB-14C22E436D36}"
EndProject
Global
	GlobalSection(SolutionConfigurationPlatforms) = preSolution
		Debug|Any CPU = Debug|Any CPU
		Release|Any CPU = Release|Any CPU
	EndGlobalSection
	GlobalSection(ProjectConfigurationPlatforms) = postSolution
		{B1021896-02AD-4539-96AE-8CC43BD2599C}.Debug|Any CPU.ActiveCfg = Debug|Any CPU
		{B1021896-02AD-4539-96AE-8CC43BD2599C}.Debug|Any CPU.Build.0 = Debug|Any CPU
		{B1021896-02AD-4539-96AE-8CC43BD2599C}.Release|Any CPU.ActiveCfg = Release|Any CPU
		{B1021896-02AD-4539-96AE-8CC43BD2599C}.Release|Any CPU.Build.0 = Release|Any CPU
		{096E46F8-4490-4B52-80EB-14C22E436D36}.Debug|Any CPU.ActiveCfg = Debug|Any CPU
		{096E46F8-4490-4B52-80EB-14C22E436D36}.Debug|Any CPU.Build.0 = Debug|Any CPU
		{096E46F8-4490-4B52-80EB-14C22E436D36}.Release|Any CPU.ActiveCfg = Release|Any CPU
		{096E46F8-4490-4B52-80EB-14C22E436D36}.Release|Any CPU.Build.0 = Release|Any CPU
	EndGlobalSection
	GlobalSection(SolutionProperties) = preSolution
		HideSolutionNode = FALSE
	EndGlobalSection
EndGlobal
